
Microsoft Visual Studio Solution File, Format Version 12.00
# Visual Studio Version 17
VisualStudioVersion = 17.0.31903.59
MinimumVisualStudioVersion = 10.0.40219.1
Project("{2150E333-8FDC-42A3-9474-1A3956D46DE8}") = "src", "src", "{827E0CD3-B72D-47B6-A68D-7590B98EB39B}"
EndProject
Project("{FAE04EC0-301F-11D3-BF4B-00C04F79EFBC}") = "ElectronicComponentCatalog.App", "src\ElectronicComponentCatalog.App\ElectronicComponentCatalog.App.csproj", "{09E90C55-D076-4212-99B1-20632FC078A1}"
EndProject
Project("{FAE04EC0-301F-11D3-BF4B-00C04F79EFBC}") = "ElectronicComponentCatalog.Domain", "src\ElectronicComponentCatalog.Domain\ElectronicComponentCatalog.Domain.csproj", "{A26DC696-7244-4CAB-96C2-D27AA883C813}"
EndProject
Project("{FAE04EC0-301F-11D3-BF4B-00C04F79EFBC}") = "ElectronicComponentCatalog.Infrastructure", "src\ElectronicComponentCatalog.Infrastructure\ElectronicComponentCatalog.Infrastructure.csproj", "{2B6C6B12-145D-4B81-8FE6-3BE5E83BABC1}"
EndProject
Project("{2150E333-8FDC-42A3-9474-1A3956D46DE8}") = "tests", "tests", "{0AB3BF05-4346-4AA6-1389-037BE0695223}"
EndProject
Project("{FAE04EC0-301F-11D3-BF4B-00C04F79EFBC}") = "ElectronicComponentCatalog.Tests", "tests\ElectronicComponentCatalog.Tests\ElectronicComponentCatalog.Tests.csproj", "{0DCFCD31-12B2-4735-8EA1-011E83E40368}"
EndProject
Global
	GlobalSection(SolutionConfigurationPlatforms) = preSolution
		Debug|Any CPU = Debug|Any CPU
		Debug|x64 = Debug|x64
		Debug|x86 = Debug|x86
		Release|Any CPU = Release|Any CPU
		Release|x64 = Release|x64
		Release|x86 = Release|x86
	EndGlobalSection
	GlobalSection(ProjectConfigurationPlatforms) = postSolution
		{09E90C55-D076-4212-99B1-20632FC078A1}.Debug|Any CPU.ActiveCfg = Debug|Any CPU
		{09E90C55-D076-4212-99B1-20632FC078A1}.Debug|Any CPU.Build.0 = Debug|Any CPU
		{09E90C55-D076-4212-99B1-20632FC078A1}.Debug|x64.ActiveCfg = Debug|Any CPU
		{09E90C55-D076-4212-99B1-20632FC078A1}.Debug|x64.Build.0 = Debug|Any CPU
		{09E90C55-D076-4212-99B1-20632FC078A1}.Debug|x86.ActiveCfg = Debug|Any CPU
		{09E90C55-D076-4212-99B1-20632FC078A1}.Debug|x86.Build.0 = Debug|Any CPU
		{09E90C55-D076-4212-99B1-20632FC078A1}.Release|Any CPU.ActiveCfg = Release|Any CPU
		{09E90C55-D076-4212-99B1-20632FC078A1}.Release|Any CPU.Build.0 = Release|Any CPU
		{09E90C55-D076-4212-99B1-20632FC078A1}.Release|x64.ActiveCfg = Release|Any CPU
		{09E90C55-D076-4212-99B1-20632FC078A1}.Release|x64.Build.0 = Release|Any CPU
		{09E90C55-D076-4212-99B1-20632FC078A1}.Release|x86.ActiveCfg = Release|Any CPU
		{09E90C55-D076-4212-99B1-20632FC078A1}.Release|x86.Build.0 = Release|Any CPU
		{A26DC696-7244-4CAB-96C2-D27AA883C813}.Debug|Any CPU.ActiveCfg = Debug|Any CPU
		{A26DC696-7244-4CAB-96C2-D27AA883C813}.Debug|Any CPU.Build.0 = Debug|Any CPU
		{A26DC696-7244-4CAB-96C2-D27AA883C813}.Debug|x64.ActiveCfg = Debug|Any CPU
		{A26DC696-7244-4CAB-96C2-D27AA883C813}.Debug|x64.Build.0 = Debug|Any CPU
		{A26DC696-7244-4CAB-96C2-D27AA883C813}.Debug|x86.ActiveCfg = Debug|Any CPU
		{A26DC696-7244-4CAB-96C2-D27AA883C813}.Debug|x86.Build.0 = Debug|Any CPU
		{A26DC696-7244-4CAB-96C2-D27AA883C813}.Release|Any CPU.ActiveCfg = Release|Any CPU
		{A26DC696-7244-4CAB-96C2-D27AA883C813}.Release|Any CPU.Build.0 = Release|Any CPU
		{A26DC696-7244-4CAB-96C2-D27AA883C813}.Release|x64.ActiveCfg = Release|Any CPU
		{A26DC696-7244-4CAB-96C2-D27AA883C813}.Release|x64.Build.0 = Release|Any CPU
		{A26DC696-7244-4CAB-96C2-D27AA883C813}.Release|x86.ActiveCfg = Release|Any CPU
		{A26DC696-7244-4CAB-96C2-D27AA883C813}.Release|x86.Build.0 = Release|Any CPU
		{2B6C6B12-145D-4B81-8FE6-3BE5E83BABC1}.Debug|Any CPU.ActiveCfg = Debug|Any CPU
		{2B6C6B12-145D-4B81-8FE6-3BE5E83BABC1}.Debug|Any CPU.Build.0 = Debug|Any CPU
		{2B6C6B12-145D-4B81-8FE6-3BE5E83BABC1}.Debug|x64.ActiveCfg = Debug|Any CPU
		{2B6C6B12-145D-4B81-8FE6-3BE5E83BABC1}.Debug|x64.Build.0 = Debug|Any CPU
		{2B6C6B12-145D-4B81-8FE6-3BE5E83BABC1}.Debug|x86.ActiveCfg = Debug|Any CPU
		{2B6C6B12-145D-4B81-8FE6-3BE5E83BABC1}.Debug|x86.Build.0 = Debug|Any CPU
		{2B6C6B12-145D-4B81-8FE6-3BE5E83BABC1}.Release|Any CPU.ActiveCfg = Release|Any CPU
		{2B6C6B12-145D-4B81-8FE6-3BE5E83BABC1}.Release|Any CPU.Build.0 = Release|Any CPU
		{2B6C6B12-145D-4B81-8FE6-3BE5E83BABC1}.Release|x64.ActiveCfg = Release|Any CPU
		{2B6C6B12-145D-4B81-8FE6-3BE5E83BABC1}.Release|x64.Build.0 = Release|Any CPU
		{2B6C6B12-145D-4B81-8FE6-3BE5E83BABC1}.Release|x86.ActiveCfg = Release|Any CPU
		{2B6C6B12-145D-4B81-8FE6-3BE5E83BABC1}.Release|x86.Build.0 = Release|Any CPU
		{0DCFCD31-12B2-4735-8EA1-011E83E40368}.Debug|Any CPU.ActiveCfg = Debug|Any CPU
		{0DCFCD31-12B2-4735-8EA1-011E83E40368}.Debug|Any CPU.Build.0 = Debug|Any CPU
		{0DCFCD31-12B2-4735-8EA1-011E83E40368}.Debug|x64.ActiveCfg = Debug|Any CPU
		{0DCFCD31-12B2-4735-8EA1-011E83E40368}.Debug|x64.Build.0 = Debug|Any CPU
		{0DCFCD31-12B2-4735-8EA1-011E83E40368}.Debug|x86.ActiveCfg = Debug|Any CPU
		{0DCFCD31-12B2-4735-8EA1-011E83E40368}.Debug|x86.Build.0 = Debug|Any CPU
		{0DCFCD31-12B2-4735-8EA1-011E83E40368}.Release|Any CPU.ActiveCfg = Release|Any CPU
		{0DCFCD31-12B2-4735-8EA1-011E83E40368}.Release|Any CPU.Build.0 = Release|Any CPU
		{0DCFCD31-12B2-4735-8EA1-011E83E40368}.Release|x64.ActiveCfg = Release|Any CPU
		{0DCFCD31-12B2-4735-8EA1-011E83E40368}.Release|x64.Build.0 = Release|Any CPU
		{0DCFCD31-12B2-4735-8EA1-011E83E40368}.Release|x86.ActiveCfg = Release|Any CPU
		{0DCFCD31-12B2-4735-8EA1-011E83E40368}.Release|x86.Build.0 = Release|Any CPU
	EndGlobalSection
	GlobalSection(SolutionProperties) = preSolution
		HideSolutionNode = FALSE
	EndGlobalSection
	GlobalSection(NestedProjects) = preSolution
		{09E90C55-D076-4212-99B1-20632FC078A1} = {827E0CD3-B72D-47B6-A68D-7590B98EB39B}
		{A26DC696-7244-4CAB-96C2-D27AA883C813} = {827E0CD3-B72D-47B6-A68D-7590B98EB39B}
		{2B6C6B12-145D-4B81-8FE6-3BE5E83BABC1} = {827E0CD3-B72D-47B6-A68D-7590B98EB39B}
		{0DCFCD31-12B2-4735-8EA1-011E83E40368} = {0AB3BF05-4346-4AA6-1389-037BE0695223}
	EndGlobalSection
EndGlobal
